
Microsoft Visual Studio Solution File, Format Version 12.00
# Visual Studio Version 16
VisualStudioVersion = 16.0.31624.102
MinimumVisualStudioVersion = 10.0.40219.1
Project("{8BC9CEB8-8B4A-11D0-8D11-00A0C91BC942}") = "HelloWorld", "HelloWorld\HelloWorld.vcxproj", "{D98A0782-1D63-44E7-BC6C-F22B6B3E3BD4}"
EndProject
Project("{8BC9CEB8-8B4A-11D0-8D11-00A0C91BC942}") = "Exercice-DiceGame", "DiceGame\DiceGame.vcxproj", "{F0785744-EA0D-4064-84EF-F89B536FB7AF}"
EndProject
Project("{8BC9CEB8-8B4A-11D0-8D11-00A0C91BC942}") = "Formative-DragonGame", "DragonGame\DragonGame.vcxproj", "{E93FE80B-26DF-42E0-A281-070EAD92AB26}"
EndProject
Project("{8BC9CEB8-8B4A-11D0-8D11-00A0C91BC942}") = "Exercice-EnumAnimalScream", "AnimalScream\AnimalScream.vcxproj", "{4689904C-94D3-4CD0-B308-85CD66C6AF24}"
EndProject
Project("{8BC9CEB8-8B4A-11D0-8D11-00A0C91BC942}") = "Exercice-FindBestScore", "FindBestScore\FindBestScore.vcxproj", "{717B8D3E-AFCE-4F67-8863-4194ED00AAAA}"
EndProject
Project("{8BC9CEB8-8B4A-11D0-8D11-00A0C91BC942}") = "Exercice-FindValue", "ArrayFinder\ArrayFinder.vcxproj", "{9E7E0096-DBCD-43E1-A500-A56263E63E66}"
EndProject
Project("{8BC9CEB8-8B4A-11D0-8D11-00A0C91BC942}") = "Exercice-DisplayMultiplicationTable", "MultiplicationTable\MultiplicationTable.vcxproj", "{CAC0E42F-7BCE-4F7B-AE8A-35871CDBFB87}"
EndProject
Project("{8BC9CEB8-8B4A-11D0-8D11-00A0C91BC942}") = "Exercice-StringEx2FindVowel", "FindVowels\FindVowels.vcxproj", "{5F1F0C52-1B9D-4C74-A663-7C16C8BF1258}"
EndProject
Project("{8BC9CEB8-8B4A-11D0-8D11-00A0C91BC942}") = "Formative-Poker", "CardGame\CardGame.vcxproj", "{226EC292-8080-47E3-9C59-53712BDEB83A}"
EndProject
Project("{8BC9CEB8-8B4A-11D0-8D11-00A0C91BC942}") = "Exercice-StringEx5", "StringEx5\StringEx5.vcxproj", "{AC4B72F1-16C5-4F8A-AE35-945CDE12E684}"
EndProject
Project("{8BC9CEB8-8B4A-11D0-8D11-00A0C91BC942}") = "Formative-NarativeGame", "FormativeNarativeGame\FormativeNarativeGame.vcxproj", "{6AEDB006-450A-416C-9418-C4B64AC651F7}"
EndProject
Project("{8BC9CEB8-8B4A-11D0-8D11-00A0C91BC942}") = "Exercice-Ex2.1Vector", "03Ex2-1Vector\03Ex2-1Vector.vcxproj", "{7D021DCA-6F78-4F0F-A7F7-FDBDF9D24E32}"
EndProject
Project("{8BC9CEB8-8B4A-11D0-8D11-00A0C91BC942}") = "Formative-RouletteRusse", "FormativeRouletteRusse\FormativeRouletteRusse.vcxproj", "{6E677164-7BE1-4BF6-8C10-70325CCCD83D}"
EndProject
Project("{8BC9CEB8-8B4A-11D0-8D11-00A0C91BC942}") = "Exercice-Ex3.1", "03Ex3.1\03Ex3.1.vcxproj", "{9F0ABF20-D456-4235-BE60-444035FFB2BD}"
EndProject
Project("{8BC9CEB8-8B4A-11D0-8D11-00A0C91BC942}") = "Exercice-Ex3.2", "03Ex3.2\03Ex3.2.vcxproj", "{C4329D8B-2AA9-40DD-B15B-5DEEFBB6548C}"
EndProject
Project("{8BC9CEB8-8B4A-11D0-8D11-00A0C91BC942}") = "Exercice-Ex3.3", "03Ex3.3\03Ex3.3.vcxproj", "{57ED2BBF-9DC1-4B32-B8A7-09FC5BCDDD37}"
EndProject
Project("{8BC9CEB8-8B4A-11D0-8D11-00A0C91BC942}") = "Formative-MapNumero", "FormativeMapNumero\FormativeMapNumero.vcxproj", "{7C55A17D-A0DB-478A-A8BD-D7CFBFF28E6F}"
EndProject
Project("{2150E333-8FDC-42A3-9474-1A3956D46DE8}") = "01-ProgrammingBasics", "01-ProgrammingBasics", "{F7F577F1-5658-4A18-9BC5-29907B5E51B0}"
EndProject
Project("{2150E333-8FDC-42A3-9474-1A3956D46DE8}") = "03-DataStructures", "03-DataStructures", "{53CE31B1-6229-4653-AC34-3D623490C108}"
EndProject
Project("{2150E333-8FDC-42A3-9474-1A3956D46DE8}") = "04-OOP", "04-OOP", "{15144978-8547-4F73-B19A-A8376E8403F2}"
EndProject
Project("{8BC9CEB8-8B4A-11D0-8D11-00A0C91BC942}") = "Exercice-Car", "Exercice-Car\Exercice-Car.vcxproj", "{1756469C-84E7-464E-B74C-E7D83483DD0F}"
EndProject
Project("{8BC9CEB8-8B4A-11D0-8D11-00A0C91BC942}") = "Exercice-Point", "Exercice-Point\Exercice-Point.vcxproj", "{C6152FAB-C055-4BB2-93E8-06C9FD673C59}"
EndProject
Project("{8BC9CEB8-8B4A-11D0-8D11-00A0C91BC942}") = "Exercice-RandomIntClass", "Exercice-RandomIntClass\Exercice-RandomIntClass.vcxproj", "{FEB699CC-28A6-494C-8165-A55206F56244}"
EndProject
Project("{8BC9CEB8-8B4A-11D0-8D11-00A0C91BC942}") = "Exercice-CandyShop", "Exercice-CandyShop\Exercice-CandyShop.vcxproj", "{75F48FE1-4D08-4932-B34D-4FD742C9DE43}"
EndProject
Project("{8BC9CEB8-8B4A-11D0-8D11-00A0C91BC942}") = "Exercice-SurchargeOperateur", "Exercice-SurchargeOperateur\Exercice-SurchargeOperateur.vcxproj", "{4E12374F-E607-490D-86E0-555F223C2954}"
EndProject
Global
	GlobalSection(SolutionConfigurationPlatforms) = preSolution
		Debug|x64 = Debug|x64
		Debug|x86 = Debug|x86
		Release|x64 = Release|x64
		Release|x86 = Release|x86
	EndGlobalSection
	GlobalSection(ProjectConfigurationPlatforms) = postSolution
		{D98A0782-1D63-44E7-BC6C-F22B6B3E3BD4}.Debug|x64.ActiveCfg = Debug|x64
		{D98A0782-1D63-44E7-BC6C-F22B6B3E3BD4}.Debug|x64.Build.0 = Debug|x64
		{D98A0782-1D63-44E7-BC6C-F22B6B3E3BD4}.Debug|x86.ActiveCfg = Debug|Win32
		{D98A0782-1D63-44E7-BC6C-F22B6B3E3BD4}.Debug|x86.Build.0 = Debug|Win32
		{D98A0782-1D63-44E7-BC6C-F22B6B3E3BD4}.Release|x64.ActiveCfg = Release|x64
		{D98A0782-1D63-44E7-BC6C-F22B6B3E3BD4}.Release|x64.Build.0 = Release|x64
		{D98A0782-1D63-44E7-BC6C-F22B6B3E3BD4}.Release|x86.ActiveCfg = Release|Win32
		{D98A0782-1D63-44E7-BC6C-F22B6B3E3BD4}.Release|x86.Build.0 = Release|Win32
		{F0785744-EA0D-4064-84EF-F89B536FB7AF}.Debug|x64.ActiveCfg = Debug|x64
		{F0785744-EA0D-4064-84EF-F89B536FB7AF}.Debug|x64.Build.0 = Debug|x64
		{F0785744-EA0D-4064-84EF-F89B536FB7AF}.Debug|x86.ActiveCfg = Debug|Win32
		{F0785744-EA0D-4064-84EF-F89B536FB7AF}.Debug|x86.Build.0 = Debug|Win32
		{F0785744-EA0D-4064-84EF-F89B536FB7AF}.Release|x64.ActiveCfg = Release|x64
		{F0785744-EA0D-4064-84EF-F89B536FB7AF}.Release|x64.Build.0 = Release|x64
		{F0785744-EA0D-4064-84EF-F89B536FB7AF}.Release|x86.ActiveCfg = Release|Win32
		{F0785744-EA0D-4064-84EF-F89B536FB7AF}.Release|x86.Build.0 = Release|Win32
		{E93FE80B-26DF-42E0-A281-070EAD92AB26}.Debug|x64.ActiveCfg = Debug|x64
		{E93FE80B-26DF-42E0-A281-070EAD92AB26}.Debug|x64.Build.0 = Debug|x64
		{E93FE80B-26DF-42E0-A281-070EAD92AB26}.Debug|x86.ActiveCfg = Debug|Win32
		{E93FE80B-26DF-42E0-A281-070EAD92AB26}.Debug|x86.Build.0 = Debug|Win32
		{E93FE80B-26DF-42E0-A281-070EAD92AB26}.Release|x64.ActiveCfg = Release|x64
		{E93FE80B-26DF-42E0-A281-070EAD92AB26}.Release|x64.Build.0 = Release|x64
		{E93FE80B-26DF-42E0-A281-070EAD92AB26}.Release|x86.ActiveCfg = Release|Win32
		{E93FE80B-26DF-42E0-A281-070EAD92AB26}.Release|x86.Build.0 = Release|Win32
		{4689904C-94D3-4CD0-B308-85CD66C6AF24}.Debug|x64.ActiveCfg = Debug|x64
		{4689904C-94D3-4CD0-B308-85CD66C6AF24}.Debug|x64.Build.0 = Debug|x64
		{4689904C-94D3-4CD0-B308-85CD66C6AF24}.Debug|x86.ActiveCfg = Debug|Win32
		{4689904C-94D3-4CD0-B308-85CD66C6AF24}.Debug|x86.Build.0 = Debug|Win32
		{4689904C-94D3-4CD0-B308-85CD66C6AF24}.Release|x64.ActiveCfg = Release|x64
		{4689904C-94D3-4CD0-B308-85CD66C6AF24}.Release|x64.Build.0 = Release|x64
		{4689904C-94D3-4CD0-B308-85CD66C6AF24}.Release|x86.ActiveCfg = Release|Win32
		{4689904C-94D3-4CD0-B308-85CD66C6AF24}.Release|x86.Build.0 = Release|Win32
		{717B8D3E-AFCE-4F67-8863-4194ED00AAAA}.Debug|x64.ActiveCfg = Debug|x64
		{717B8D3E-AFCE-4F67-8863-4194ED00AAAA}.Debug|x64.Build.0 = Debug|x64
		{717B8D3E-AFCE-4F67-8863-4194ED00AAAA}.Debug|x86.ActiveCfg = Debug|Win32
		{717B8D3E-AFCE-4F67-8863-4194ED00AAAA}.Debug|x86.Build.0 = Debug|Win32
		{717B8D3E-AFCE-4F67-8863-4194ED00AAAA}.Release|x64.ActiveCfg = Release|x64
		{717B8D3E-AFCE-4F67-8863-4194ED00AAAA}.Release|x64.Build.0 = Release|x64
		{717B8D3E-AFCE-4F67-8863-4194ED00AAAA}.Release|x86.ActiveCfg = Release|Win32
		{717B8D3E-AFCE-4F67-8863-4194ED00AAAA}.Release|x86.Build.0 = Release|Win32
		{9E7E0096-DBCD-43E1-A500-A56263E63E66}.Debug|x64.ActiveCfg = Debug|x64
		{9E7E0096-DBCD-43E1-A500-A56263E63E66}.Debug|x64.Build.0 = Debug|x64
		{9E7E0096-DBCD-43E1-A500-A56263E63E66}.Debug|x86.ActiveCfg = Debug|Win32
		{9E7E0096-DBCD-43E1-A500-A56263E63E66}.Debug|x86.Build.0 = Debug|Win32
		{9E7E0096-DBCD-43E1-A500-A56263E63E66}.Release|x64.ActiveCfg = Release|x64
		{9E7E0096-DBCD-43E1-A500-A56263E63E66}.Release|x64.Build.0 = Release|x64
		{9E7E0096-DBCD-43E1-A500-A56263E63E66}.Release|x86.ActiveCfg = Release|Win32
		{9E7E0096-DBCD-43E1-A500-A56263E63E66}.Release|x86.Build.0 = Release|Win32
		{CAC0E42F-7BCE-4F7B-AE8A-35871CDBFB87}.Debug|x64.ActiveCfg = Debug|x64
		{CAC0E42F-7BCE-4F7B-AE8A-35871CDBFB87}.Debug|x64.Build.0 = Debug|x64
		{CAC0E42F-7BCE-4F7B-AE8A-35871CDBFB87}.Debug|x86.ActiveCfg = Debug|Win32
		{CAC0E42F-7BCE-4F7B-AE8A-35871CDBFB87}.Debug|x86.Build.0 = Debug|Win32
		{CAC0E42F-7BCE-4F7B-AE8A-35871CDBFB87}.Release|x64.ActiveCfg = Release|x64
		{CAC0E42F-7BCE-4F7B-AE8A-35871CDBFB87}.Release|x64.Build.0 = Release|x64
		{CAC0E42F-7BCE-4F7B-AE8A-35871CDBFB87}.Release|x86.ActiveCfg = Release|Win32
		{CAC0E42F-7BCE-4F7B-AE8A-35871CDBFB87}.Release|x86.Build.0 = Release|Win32
		{5F1F0C52-1B9D-4C74-A663-7C16C8BF1258}.Debug|x64.ActiveCfg = Debug|x64
		{5F1F0C52-1B9D-4C74-A663-7C16C8BF1258}.Debug|x64.Build.0 = Debug|x64
		{5F1F0C52-1B9D-4C74-A663-7C16C8BF1258}.Debug|x86.ActiveCfg = Debug|Win32
		{5F1F0C52-1B9D-4C74-A663-7C16C8BF1258}.Debug|x86.Build.0 = Debug|Win32
		{5F1F0C52-1B9D-4C74-A663-7C16C8BF1258}.Release|x64.ActiveCfg = Release|x64
		{5F1F0C52-1B9D-4C74-A663-7C16C8BF1258}.Release|x64.Build.0 = Release|x64
		{5F1F0C52-1B9D-4C74-A663-7C16C8BF1258}.Release|x86.ActiveCfg = Release|Win32
		{5F1F0C52-1B9D-4C74-A663-7C16C8BF1258}.Release|x86.Build.0 = Release|Win32
		{226EC292-8080-47E3-9C59-53712BDEB83A}.Debug|x64.ActiveCfg = Debug|x64
		{226EC292-8080-47E3-9C59-53712BDEB83A}.Debug|x64.Build.0 = Debug|x64
		{226EC292-8080-47E3-9C59-53712BDEB83A}.Debug|x86.ActiveCfg = Debug|Win32
		{226EC292-8080-47E3-9C59-53712BDEB83A}.Debug|x86.Build.0 = Debug|Win32
		{226EC292-8080-47E3-9C59-53712BDEB83A}.Release|x64.ActiveCfg = Release|x64
		{226EC292-8080-47E3-9C59-53712BDEB83A}.Release|x64.Build.0 = Release|x64
		{226EC292-8080-47E3-9C59-53712BDEB83A}.Release|x86.ActiveCfg = Release|Win32
		{226EC292-8080-47E3-9C59-53712BDEB83A}.Release|x86.Build.0 = Release|Win32
		{AC4B72F1-16C5-4F8A-AE35-945CDE12E684}.Debug|x64.ActiveCfg = Debug|x64
		{AC4B72F1-16C5-4F8A-AE35-945CDE12E684}.Debug|x64.Build.0 = Debug|x64
		{AC4B72F1-16C5-4F8A-AE35-945CDE12E684}.Debug|x86.ActiveCfg = Debug|Win32
		{AC4B72F1-16C5-4F8A-AE35-945CDE12E684}.Debug|x86.Build.0 = Debug|Win32
		{AC4B72F1-16C5-4F8A-AE35-945CDE12E684}.Release|x64.ActiveCfg = Release|x64
		{AC4B72F1-16C5-4F8A-AE35-945CDE12E684}.Release|x64.Build.0 = Release|x64
		{AC4B72F1-16C5-4F8A-AE35-945CDE12E684}.Release|x86.ActiveCfg = Release|Win32
		{AC4B72F1-16C5-4F8A-AE35-945CDE12E684}.Release|x86.Build.0 = Release|Win32
		{6AEDB006-450A-416C-9418-C4B64AC651F7}.Debug|x64.ActiveCfg = Debug|x64
		{6AEDB006-450A-416C-9418-C4B64AC651F7}.Debug|x64.Build.0 = Debug|x64
		{6AEDB006-450A-416C-9418-C4B64AC651F7}.Debug|x86.ActiveCfg = Debug|Win32
		{6AEDB006-450A-416C-9418-C4B64AC651F7}.Debug|x86.Build.0 = Debug|Win32
		{6AEDB006-450A-416C-9418-C4B64AC651F7}.Release|x64.ActiveCfg = Release|x64
		{6AEDB006-450A-416C-9418-C4B64AC651F7}.Release|x64.Build.0 = Release|x64
		{6AEDB006-450A-416C-9418-C4B64AC651F7}.Release|x86.ActiveCfg = Release|Win32
		{6AEDB006-450A-416C-9418-C4B64AC651F7}.Release|x86.Build.0 = Release|Win32
		{7D021DCA-6F78-4F0F-A7F7-FDBDF9D24E32}.Debug|x64.ActiveCfg = Debug|x64
		{7D021DCA-6F78-4F0F-A7F7-FDBDF9D24E32}.Debug|x64.Build.0 = Debug|x64
		{7D021DCA-6F78-4F0F-A7F7-FDBDF9D24E32}.Debug|x86.ActiveCfg = Debug|Win32
		{7D021DCA-6F78-4F0F-A7F7-FDBDF9D24E32}.Debug|x86.Build.0 = Debug|Win32
		{7D021DCA-6F78-4F0F-A7F7-FDBDF9D24E32}.Release|x64.ActiveCfg = Release|x64
		{7D021DCA-6F78-4F0F-A7F7-FDBDF9D24E32}.Release|x64.Build.0 = Release|x64
		{7D021DCA-6F78-4F0F-A7F7-FDBDF9D24E32}.Release|x86.ActiveCfg = Release|Win32
		{7D021DCA-6F78-4F0F-A7F7-FDBDF9D24E32}.Release|x86.Build.0 = Release|Win32
		{6E677164-7BE1-4BF6-8C10-70325CCCD83D}.Debug|x64.ActiveCfg = Debug|x64
		{6E677164-7BE1-4BF6-8C10-70325CCCD83D}.Debug|x64.Build.0 = Debug|x64
		{6E677164-7BE1-4BF6-8C10-70325CCCD83D}.Debug|x86.ActiveCfg = Debug|Win32
		{6E677164-7BE1-4BF6-8C10-70325CCCD83D}.Debug|x86.Build.0 = Debug|Win32
		{6E677164-7BE1-4BF6-8C10-70325CCCD83D}.Release|x64.ActiveCfg = Release|x64
		{6E677164-7BE1-4BF6-8C10-70325CCCD83D}.Release|x64.Build.0 = Release|x64
		{6E677164-7BE1-4BF6-8C10-70325CCCD83D}.Release|x86.ActiveCfg = Release|Win32
		{6E677164-7BE1-4BF6-8C10-70325CCCD83D}.Release|x86.Build.0 = Release|Win32
		{9F0ABF20-D456-4235-BE60-444035FFB2BD}.Debug|x64.ActiveCfg = Debug|x64
		{9F0ABF20-D456-4235-BE60-444035FFB2BD}.Debug|x64.Build.0 = Debug|x64
		{9F0ABF20-D456-4235-BE60-444035FFB2BD}.Debug|x86.ActiveCfg = Debug|Win32
		{9F0ABF20-D456-4235-BE60-444035FFB2BD}.Debug|x86.Build.0 = Debug|Win32
		{9F0ABF20-D456-4235-BE60-444035FFB2BD}.Release|x64.ActiveCfg = Release|x64
		{9F0ABF20-D456-4235-BE60-444035FFB2BD}.Release|x64.Build.0 = Release|x64
		{9F0ABF20-D456-4235-BE60-444035FFB2BD}.Release|x86.ActiveCfg = Release|Win32
		{9F0ABF20-D456-4235-BE60-444035FFB2BD}.Release|x86.Build.0 = Release|Win32
		{C4329D8B-2AA9-40DD-B15B-5DEEFBB6548C}.Debug|x64.ActiveCfg = Debug|x64
		{C4329D8B-2AA9-40DD-B15B-5DEEFBB6548C}.Debug|x64.Build.0 = Debug|x64
		{C4329D8B-2AA9-40DD-B15B-5DEEFBB6548C}.Debug|x86.ActiveCfg = Debug|Win32
		{C4329D8B-2AA9-40DD-B15B-5DEEFBB6548C}.Debug|x86.Build.0 = Debug|Win32
		{C4329D8B-2AA9-40DD-B15B-5DEEFBB6548C}.Release|x64.ActiveCfg = Release|x64
		{C4329D8B-2AA9-40DD-B15B-5DEEFBB6548C}.Release|x64.Build.0 = Release|x64
		{C4329D8B-2AA9-40DD-B15B-5DEEFBB6548C}.Release|x86.ActiveCfg = Release|Win32
		{C4329D8B-2AA9-40DD-B15B-5DEEFBB6548C}.Release|x86.Build.0 = Release|Win32
		{57ED2BBF-9DC1-4B32-B8A7-09FC5BCDDD37}.Debug|x64.ActiveCfg = Debug|x64
		{57ED2BBF-9DC1-4B32-B8A7-09FC5BCDDD37}.Debug|x64.Build.0 = Debug|x64
		{57ED2BBF-9DC1-4B32-B8A7-09FC5BCDDD37}.Debug|x86.ActiveCfg = Debug|Win32
		{57ED2BBF-9DC1-4B32-B8A7-09FC5BCDDD37}.Debug|x86.Build.0 = Debug|Win32
		{57ED2BBF-9DC1-4B32-B8A7-09FC5BCDDD37}.Release|x64.ActiveCfg = Release|x64
		{57ED2BBF-9DC1-4B32-B8A7-09FC5BCDDD37}.Release|x64.Build.0 = Release|x64
		{57ED2BBF-9DC1-4B32-B8A7-09FC5BCDDD37}.Release|x86.ActiveCfg = Release|Win32
		{57ED2BBF-9DC1-4B32-B8A7-09FC5BCDDD37}.Release|x86.Build.0 = Release|Win32
		{7C55A17D-A0DB-478A-A8BD-D7CFBFF28E6F}.Debug|x64.ActiveCfg = Debug|x64
		{7C55A17D-A0DB-478A-A8BD-D7CFBFF28E6F}.Debug|x64.Build.0 = Debug|x64
		{7C55A17D-A0DB-478A-A8BD-D7CFBFF28E6F}.Debug|x86.ActiveCfg = Debug|Win32
		{7C55A17D-A0DB-478A-A8BD-D7CFBFF28E6F}.Debug|x86.Build.0 = Debug|Win32
		{7C55A17D-A0DB-478A-A8BD-D7CFBFF28E6F}.Release|x64.ActiveCfg = Release|x64
		{7C55A17D-A0DB-478A-A8BD-D7CFBFF28E6F}.Release|x64.Build.0 = Release|x64
		{7C55A17D-A0DB-478A-A8BD-D7CFBFF28E6F}.Release|x86.ActiveCfg = Release|Win32
		{7C55A17D-A0DB-478A-A8BD-D7CFBFF28E6F}.Release|x86.Build.0 = Release|Win32
		{1756469C-84E7-464E-B74C-E7D83483DD0F}.Debug|x64.ActiveCfg = Debug|x64
		{1756469C-84E7-464E-B74C-E7D83483DD0F}.Debug|x64.Build.0 = Debug|x64
		{1756469C-84E7-464E-B74C-E7D83483DD0F}.Debug|x86.ActiveCfg = Debug|Win32
		{1756469C-84E7-464E-B74C-E7D83483DD0F}.Debug|x86.Build.0 = Debug|Win32
		{1756469C-84E7-464E-B74C-E7D83483DD0F}.Release|x64.ActiveCfg = Release|x64
		{1756469C-84E7-464E-B74C-E7D83483DD0F}.Release|x64.Build.0 = Release|x64
		{1756469C-84E7-464E-B74C-E7D83483DD0F}.Release|x86.ActiveCfg = Release|Win32
		{1756469C-84E7-464E-B74C-E7D83483DD0F}.Release|x86.Build.0 = Release|Win32
		{C6152FAB-C055-4BB2-93E8-06C9FD673C59}.Debug|x64.ActiveCfg = Debug|x64
		{C6152FAB-C055-4BB2-93E8-06C9FD673C59}.Debug|x64.Build.0 = Debug|x64
		{C6152FAB-C055-4BB2-93E8-06C9FD673C59}.Debug|x86.ActiveCfg = Debug|Win32
		{C6152FAB-C055-4BB2-93E8-06C9FD673C59}.Debug|x86.Build.0 = Debug|Win32
		{C6152FAB-C055-4BB2-93E8-06C9FD673C59}.Release|x64.ActiveCfg = Release|x64
		{C6152FAB-C055-4BB2-93E8-06C9FD673C59}.Release|x64.Build.0 = Release|x64
		{C6152FAB-C055-4BB2-93E8-06C9FD673C59}.Release|x86.ActiveCfg = Release|Win32
		{C6152FAB-C055-4BB2-93E8-06C9FD673C59}.Release|x86.Build.0 = Release|Win32
		{FEB699CC-28A6-494C-8165-A55206F56244}.Debug|x64.ActiveCfg = Debug|x64
		{FEB699CC-28A6-494C-8165-A55206F56244}.Debug|x64.Build.0 = Debug|x64
		{FEB699CC-28A6-494C-8165-A55206F56244}.Debug|x86.ActiveCfg = Debug|Win32
		{FEB699CC-28A6-494C-8165-A55206F56244}.Debug|x86.Build.0 = Debug|Win32
		{FEB699CC-28A6-494C-8165-A55206F56244}.Release|x64.ActiveCfg = Release|x64
		{FEB699CC-28A6-494C-8165-A55206F56244}.Release|x64.Build.0 = Release|x64
		{FEB699CC-28A6-494C-8165-A55206F56244}.Release|x86.ActiveCfg = Release|Win32
		{FEB699CC-28A6-494C-8165-A55206F56244}.Release|x86.Build.0 = Release|Win32
		{75F48FE1-4D08-4932-B34D-4FD742C9DE43}.Debug|x64.ActiveCfg = Debug|x64
		{75F48FE1-4D08-4932-B34D-4FD742C9DE43}.Debug|x64.Build.0 = Debug|x64
		{75F48FE1-4D08-4932-B34D-4FD742C9DE43}.Debug|x86.ActiveCfg = Debug|Win32
		{75F48FE1-4D08-4932-B34D-4FD742C9DE43}.Debug|x86.Build.0 = Debug|Win32
		{75F48FE1-4D08-4932-B34D-4FD742C9DE43}.Release|x64.ActiveCfg = Release|x64
		{75F48FE1-4D08-4932-B34D-4FD742C9DE43}.Release|x64.Build.0 = Release|x64
		{75F48FE1-4D08-4932-B34D-4FD742C9DE43}.Release|x86.ActiveCfg = Release|Win32
		{75F48FE1-4D08-4932-B34D-4FD742C9DE43}.Release|x86.Build.0 = Release|Win32
		{4E12374F-E607-490D-86E0-555F223C2954}.Debug|x64.ActiveCfg = Debug|x64
		{4E12374F-E607-490D-86E0-555F223C2954}.Debug|x64.Build.0 = Debug|x64
		{4E12374F-E607-490D-86E0-555F223C2954}.Debug|x86.ActiveCfg = Debug|Win32
		{4E12374F-E607-490D-86E0-555F223C2954}.Debug|x86.Build.0 = Debug|Win32
		{4E12374F-E607-490D-86E0-555F223C2954}.Release|x64.ActiveCfg = Release|x64
		{4E12374F-E607-490D-86E0-555F223C2954}.Release|x64.Build.0 = Release|x64
		{4E12374F-E607-490D-86E0-555F223C2954}.Release|x86.ActiveCfg = Release|Win32
		{4E12374F-E607-490D-86E0-555F223C2954}.Release|x86.Build.0 = Release|Win32
	EndGlobalSection
	GlobalSection(SolutionProperties) = preSolution
		HideSolutionNode = FALSE
	EndGlobalSection
	GlobalSection(NestedProjects) = preSolution
		{F0785744-EA0D-4064-84EF-F89B536FB7AF} = {F7F577F1-5658-4A18-9BC5-29907B5E51B0}
		{E93FE80B-26DF-42E0-A281-070EAD92AB26} = {F7F577F1-5658-4A18-9BC5-29907B5E51B0}
		{4689904C-94D3-4CD0-B308-85CD66C6AF24} = {F7F577F1-5658-4A18-9BC5-29907B5E51B0}
		{717B8D3E-AFCE-4F67-8863-4194ED00AAAA} = {F7F577F1-5658-4A18-9BC5-29907B5E51B0}
		{9E7E0096-DBCD-43E1-A500-A56263E63E66} = {F7F577F1-5658-4A18-9BC5-29907B5E51B0}
		{CAC0E42F-7BCE-4F7B-AE8A-35871CDBFB87} = {F7F577F1-5658-4A18-9BC5-29907B5E51B0}
		{5F1F0C52-1B9D-4C74-A663-7C16C8BF1258} = {F7F577F1-5658-4A18-9BC5-29907B5E51B0}
		{226EC292-8080-47E3-9C59-53712BDEB83A} = {F7F577F1-5658-4A18-9BC5-29907B5E51B0}
		{AC4B72F1-16C5-4F8A-AE35-945CDE12E684} = {F7F577F1-5658-4A18-9BC5-29907B5E51B0}
		{6AEDB006-450A-416C-9418-C4B64AC651F7} = {F7F577F1-5658-4A18-9BC5-29907B5E51B0}
		{7D021DCA-6F78-4F0F-A7F7-FDBDF9D24E32} = {53CE31B1-6229-4653-AC34-3D623490C108}
		{6E677164-7BE1-4BF6-8C10-70325CCCD83D} = {53CE31B1-6229-4653-AC34-3D623490C108}
		{9F0ABF20-D456-4235-BE60-444035FFB2BD} = {53CE31B1-6229-4653-AC34-3D623490C108}
		{C4329D8B-2AA9-40DD-B15B-5DEEFBB6548C} = {53CE31B1-6229-4653-AC34-3D623490C108}
		{57ED2BBF-9DC1-4B32-B8A7-09FC5BCDDD37} = {53CE31B1-6229-4653-AC34-3D623490C108}
		{7C55A17D-A0DB-478A-A8BD-D7CFBFF28E6F} = {53CE31B1-6229-4653-AC34-3D623490C108}
		{1756469C-84E7-464E-B74C-E7D83483DD0F} = {15144978-8547-4F73-B19A-A8376E8403F2}
		{C6152FAB-C055-4BB2-93E8-06C9FD673C59} = {15144978-8547-4F73-B19A-A8376E8403F2}
		{FEB699CC-28A6-494C-8165-A55206F56244} = {15144978-8547-4F73-B19A-A8376E8403F2}
		{75F48FE1-4D08-4932-B34D-4FD742C9DE43} = {15144978-8547-4F73-B19A-A8376E8403F2}
		{4E12374F-E607-490D-86E0-555F223C2954} = {15144978-8547-4F73-B19A-A8376E8403F2}
	EndGlobalSection
	GlobalSection(ExtensibilityGlobals) = postSolution
		SolutionGuid = {4443DB94-305F-4627-B3C4-BFD1520E949A}
	EndGlobalSection
EndGlobal
